
Microsoft Visual Studio Solution File, Format Version 12.00
# Visual Studio Version 17
VisualStudioVersion = 17.11.35222.181
MinimumVisualStudioVersion = 10.0.40219.1
Project("{FAE04EC0-301F-11D3-BF4B-00C04F79EFBC}") = "ConsoleProject", "ConsoleProject.csproj", "{47875BAE-6CA0-4A38-A3BF-B4E0F7E0FF43}"
EndProject
Global
	GlobalSection(SolutionConfigurationPlatforms) = preSolution
		Debug|Any CPU = Debug|Any CPU
		Release|Any CPU = Release|Any CPU
	EndGlobalSection
	GlobalSection(ProjectConfigurationPlatforms) = postSolution
		{47875BAE-6CA0-4A38-A3BF-B4E0F7E0FF43}.Debug|Any CPU.ActiveCfg = Debug|Any CPU
		{47875BAE-6CA0-4A38-A3BF-B4E0F7E0FF43}.Debug|Any CPU.Build.0 = Debug|Any CPU
		{47875BAE-6CA0-4A38-A3BF-B4E0F7E0FF43}.Release|Any CPU.ActiveCfg = Release|Any CPU
		{47875BAE-6CA0-4A38-A3BF-B4E0F7E0FF43}.Release|Any CPU.Build.0 = Release|Any CPU
	EndGlobalSection
	GlobalSection(SolutionProperties) = preSolution
		HideSolutionNode = FALSE
	EndGlobalSection
	GlobalSection(ExtensibilityGlobals) = postSolution
		SolutionGuid = {1402F138-38FB-4008-B83B-2C0BE0A0B902}
	EndGlobalSection
EndGlobal
